
Microsoft Visual Studio Solution File, Format Version 12.00
# Visual Studio 2012
Project("{2150E333-8FDC-42A3-9474-1A3956D46DE8}") = "Csharp", "Csharp", "{514DE086-2B1E-4B09-93EF-FEFB1BB11AA0}"
EndProject
Project("{2150E333-8FDC-42A3-9474-1A3956D46DE8}") = "Fsharp", "Fsharp", "{1BEB5313-E1BC-4B8C-97FF-DB6D355E7385}"
EndProject
Project("{F2A71F9B-5D33-465A-A702-920D77279786}") = "ConwayGame", "ConwayGame\ConwayGame.fsproj", "{A573FDC3-8384-4EF8-854A-774D0950EB01}"
EndProject
Project("{F2A71F9B-5D33-465A-A702-920D77279786}") = "ConwayGame.Tests", "ConwayGame.Tests\ConwayGame.Tests.fsproj", "{3413F30B-15A5-4B7D-8DE8-8BC4C248EA87}"
EndProject
Project("{F2A71F9B-5D33-465A-A702-920D77279786}") = "ConwayGame.Charts", "ConwayGame.Charts\ConwayGame.Charts.fsproj", "{61383D33-F2DC-4AEB-89FE-3EC0618702C6}"
EndProject
Project("{FAE04EC0-301F-11D3-BF4B-00C04F79EFBC}") = "ConwayGame.Csharp", "ConwayGame.Csharp\ConwayGame.Csharp.csproj", "{29369C10-905A-4EAE-B525-D29405ED1E96}"
EndProject
Project("{FAE04EC0-301F-11D3-BF4B-00C04F79EFBC}") = "ConwayGame.Csharp.Tests", "ConwayGame.Csharp.Tests\ConwayGame.Csharp.Tests.csproj", "{F4F0C1A2-526A-45E6-9847-9AF767EB86E9}"
EndProject
Global
	GlobalSection(SolutionConfigurationPlatforms) = preSolution
		Debug|Any CPU = Debug|Any CPU
		Release|Any CPU = Release|Any CPU
	EndGlobalSection
	GlobalSection(ProjectConfigurationPlatforms) = postSolution
		{A573FDC3-8384-4EF8-854A-774D0950EB01}.Debug|Any CPU.ActiveCfg = Debug|Any CPU
		{A573FDC3-8384-4EF8-854A-774D0950EB01}.Debug|Any CPU.Build.0 = Debug|Any CPU
		{A573FDC3-8384-4EF8-854A-774D0950EB01}.Release|Any CPU.ActiveCfg = Release|Any CPU
		{A573FDC3-8384-4EF8-854A-774D0950EB01}.Release|Any CPU.Build.0 = Release|Any CPU
		{3413F30B-15A5-4B7D-8DE8-8BC4C248EA87}.Debug|Any CPU.ActiveCfg = Debug|Any CPU
		{3413F30B-15A5-4B7D-8DE8-8BC4C248EA87}.Debug|Any CPU.Build.0 = Debug|Any CPU
		{3413F30B-15A5-4B7D-8DE8-8BC4C248EA87}.Release|Any CPU.ActiveCfg = Release|Any CPU
		{3413F30B-15A5-4B7D-8DE8-8BC4C248EA87}.Release|Any CPU.Build.0 = Release|Any CPU
		{61383D33-F2DC-4AEB-89FE-3EC0618702C6}.Debug|Any CPU.ActiveCfg = Debug|Any CPU
		{61383D33-F2DC-4AEB-89FE-3EC0618702C6}.Debug|Any CPU.Build.0 = Debug|Any CPU
		{61383D33-F2DC-4AEB-89FE-3EC0618702C6}.Release|Any CPU.ActiveCfg = Release|Any CPU
		{61383D33-F2DC-4AEB-89FE-3EC0618702C6}.Release|Any CPU.Build.0 = Release|Any CPU
		{29369C10-905A-4EAE-B525-D29405ED1E96}.Debug|Any CPU.ActiveCfg = Debug|Any CPU
		{29369C10-905A-4EAE-B525-D29405ED1E96}.Debug|Any CPU.Build.0 = Debug|Any CPU
		{29369C10-905A-4EAE-B525-D29405ED1E96}.Release|Any CPU.ActiveCfg = Release|Any CPU
		{29369C10-905A-4EAE-B525-D29405ED1E96}.Release|Any CPU.Build.0 = Release|Any CPU
		{F4F0C1A2-526A-45E6-9847-9AF767EB86E9}.Debug|Any CPU.ActiveCfg = Debug|Any CPU
		{F4F0C1A2-526A-45E6-9847-9AF767EB86E9}.Debug|Any CPU.Build.0 = Debug|Any CPU
		{F4F0C1A2-526A-45E6-9847-9AF767EB86E9}.Release|Any CPU.ActiveCfg = Release|Any CPU
		{F4F0C1A2-526A-45E6-9847-9AF767EB86E9}.Release|Any CPU.Build.0 = Release|Any CPU
	EndGlobalSection
	GlobalSection(SolutionProperties) = preSolution
		HideSolutionNode = FALSE
	EndGlobalSection
	GlobalSection(NestedProjects) = preSolution
		{29369C10-905A-4EAE-B525-D29405ED1E96} = {514DE086-2B1E-4B09-93EF-FEFB1BB11AA0}
		{F4F0C1A2-526A-45E6-9847-9AF767EB86E9} = {514DE086-2B1E-4B09-93EF-FEFB1BB11AA0}
		{A573FDC3-8384-4EF8-854A-774D0950EB01} = {1BEB5313-E1BC-4B8C-97FF-DB6D355E7385}
		{3413F30B-15A5-4B7D-8DE8-8BC4C248EA87} = {1BEB5313-E1BC-4B8C-97FF-DB6D355E7385}
		{61383D33-F2DC-4AEB-89FE-3EC0618702C6} = {1BEB5313-E1BC-4B8C-97FF-DB6D355E7385}
	EndGlobalSection
EndGlobal
